
Microsoft Visual Studio Solution File, Format Version 12.00
# Visual Studio Version 17
VisualStudioVersion = 17.5.002.0
MinimumVisualStudioVersion = 10.0.40219.1
Project("{9A19103F-16F7-4668-BE54-9A1E7A4F7556}") = "ft232h.list", "ft232h.list.csproj", "{76818C6F-4510-4D9C-8E54-B167B7BBE4D5}"
EndProject
Global
	GlobalSection(SolutionConfigurationPlatforms) = preSolution
		Debug|Any CPU = Debug|Any CPU
		Release|Any CPU = Release|Any CPU
	EndGlobalSection
	GlobalSection(ProjectConfigurationPlatforms) = postSolution
		{76818C6F-4510-4D9C-8E54-B167B7BBE4D5}.Debug|Any CPU.ActiveCfg = Debug|Any CPU
		{76818C6F-4510-4D9C-8E54-B167B7BBE4D5}.Debug|Any CPU.Build.0 = Debug|Any CPU
		{76818C6F-4510-4D9C-8E54-B167B7BBE4D5}.Release|Any CPU.ActiveCfg = Release|Any CPU
		{76818C6F-4510-4D9C-8E54-B167B7BBE4D5}.Release|Any CPU.Build.0 = Release|Any CPU
	EndGlobalSection
	GlobalSection(SolutionProperties) = preSolution
		HideSolutionNode = FALSE
	EndGlobalSection
	GlobalSection(ExtensibilityGlobals) = postSolution
		SolutionGuid = {4B623093-309D-4B01-8CFB-B3F622207FCF}
	EndGlobalSection
EndGlobal
